// !$*UTF8*$!
{
	archiveVersion = 1;
	classes = {
	};
	objectVersion = 50;
	objects = {

/* Begin PBXBuildFile section */
		62CF00612661B0E600466403 /* Paper_RailsApp.swift in Sources */ = {isa = PBXBuildFile; fileRef = 62CF00602661B0E600466403 /* Paper_RailsApp.swift */; };
		62CF00632661B0E600466403 /* ContentView.swift in Sources */ = {isa = PBXBuildFile; fileRef = 62CF00622661B0E600466403 /* ContentView.swift */; };
		62CF00652661B0E800466403 /* Assets.xcassets in Resources */ = {isa = PBXBuildFile; fileRef = 62CF00642661B0E700466403 /* Assets.xcassets */; };
		62CF00682661B0E800466403 /* Preview Assets.xcassets in Resources */ = {isa = PBXBuildFile; fileRef = 62CF00672661B0E800466403 /* Preview Assets.xcassets */; };
		62CF00702661B15B00466403 /* CardView.swift in Sources */ = {isa = PBXBuildFile; fileRef = 62CF006F2661B15B00466403 /* CardView.swift */; };
		62CF00722661B5B200466403 /* TodayScheduleView.swift in Sources */ = {isa = PBXBuildFile; fileRef = 62CF00712661B5B200466403 /* TodayScheduleView.swift */; };
/* End PBXBuildFile section */

/* Begin PBXFileReference section */
		62CF005D2661B0E600466403 /* Paper Rails.app */ = {isa = PBXFileReference; explicitFileType = wrapper.application; includeInIndex = 0; path = "Paper Rails.app"; sourceTree = BUILT_PRODUCTS_DIR; };
		62CF00602661B0E600466403 /* Paper_RailsApp.swift */ = {isa = PBXFileReference; lastKnownFileType = sourcecode.swift; path = Paper_RailsApp.swift; sourceTree = "<group>"; };
		62CF00622661B0E600466403 /* ContentView.swift */ = {isa = PBXFileReference; lastKnownFileType = sourcecode.swift; path = ContentView.swift; sourceTree = "<group>"; };
		62CF00642661B0E700466403 /* Assets.xcassets */ = {isa = PBXFileReference; lastKnownFileType = folder.assetcatalog; path = Assets.xcassets; sourceTree = "<group>"; };
		62CF00672661B0E800466403 /* Preview Assets.xcassets */ = {isa = PBXFileReference; lastKnownFileType = folder.assetcatalog; path = "Preview Assets.xcassets"; sourceTree = "<group>"; };
		62CF00692661B0E800466403 /* Info.plist */ = {isa = PBXFileReference; lastKnownFileType = text.plist.xml; path = Info.plist; sourceTree = "<group>"; };
		62CF006F2661B15B00466403 /* CardView.swift */ = {isa = PBXFileReference; lastKnownFileType = sourcecode.swift; path = CardView.swift; sourceTree = "<group>"; };
		62CF00712661B5B200466403 /* TodayScheduleView.swift */ = {isa = PBXFileReference; lastKnownFileType = sourcecode.swift; path = TodayScheduleView.swift; sourceTree = "<group>"; };
/* End PBXFileReference section */

/* Begin PBXFrameworksBuildPhase section */
		62CF005A2661B0E600466403 /* Frameworks */ = {
			isa = PBXFrameworksBuildPhase;
			buildActionMask = 2147483647;
			files = (
			);
			runOnlyForDeploymentPostprocessing = 0;
		};
/* End PBXFrameworksBuildPhase section */

/* Begin PBXGroup section */
		62CF00542661B0E600466403 = {
			isa = PBXGroup;
			children = (
				62CF005F2661B0E600466403 /* Paper Rails */,
				62CF005E2661B0E600466403 /* Products */,
			);
			sourceTree = "<group>";
		};
		62CF005E2661B0E600466403 /* Products */ = {
			isa = PBXGroup;
			children = (
				62CF005D2661B0E600466403 /* Paper Rails.app */,
			);
			name = Products;
			sourceTree = "<group>";
		};
		62CF005F2661B0E600466403 /* Paper Rails */ = {
			isa = PBXGroup;
			children = (
				62CF00602661B0E600466403 /* Paper_RailsApp.swift */,
				62CF00622661B0E600466403 /* ContentView.swift */,
				62CF006F2661B15B00466403 /* CardView.swift */,
				62CF00712661B5B200466403 /* TodayScheduleView.swift */,
				62CF00642661B0E700466403 /* Assets.xcassets */,
				62CF00692661B0E800466403 /* Info.plist */,
				62CF00662661B0E800466403 /* Preview Content */,
			);
			path = "Paper Rails";
			sourceTree = "<group>";
		};
		62CF00662661B0E800466403 /* Preview Content */ = {
			isa = PBXGroup;
			children = (
				62CF00672661B0E800466403 /* Preview Assets.xcassets */,
			);
			path = "Preview Content";
			sourceTree = "<group>";
		};
/* End PBXGroup section */

/* Begin PBXNativeTarget section */
		62CF005C2661B0E600466403 /* Paper Rails */ = {
			isa = PBXNativeTarget;
			buildConfigurationList = 62CF006C2661B0E800466403 /* Build configuration list for PBXNativeTarget "Paper Rails" */;
			buildPhases = (
				62CF00592661B0E600466403 /* Sources */,
				62CF005A2661B0E600466403 /* Frameworks */,
				62CF005B2661B0E600466403 /* Resources */,
			);
			buildRules = (
			);
			dependencies = (
			);
			name = "Paper Rails";
			productName = "Paper Rails";
			productReference = 62CF005D2661B0E600466403 /* Paper Rails.app */;
			productType = "com.apple.product-type.application";
		};
/* End PBXNativeTarget section */

/* Begin PBXProject section */
		62CF00552661B0E600466403 /* Project object */ = {
			isa = PBXProject;
			attributes = {
				LastSwiftUpdateCheck = 1250;
				LastUpgradeCheck = 1250;
				TargetAttributes = {
					62CF005C2661B0E600466403 = {
						CreatedOnToolsVersion = 12.5;
					};
				};
			};
			buildConfigurationList = 62CF00582661B0E600466403 /* Build configuration list for PBXProject "Paper Rails" */;
			compatibilityVersion = "Xcode 9.3";
			developmentRegion = en;
			hasScannedForEncodings = 0;
			knownRegions = (
				en,
				Base,
			);
			mainGroup = 62CF00542661B0E600466403;
			productRefGroup = 62CF005E2661B0E600466403 /* Products */;
			projectDirPath = "";
			projectRoot = "";
			targets = (
				62CF005C2661B0E600466403 /* Paper Rails */,
			);
		};
/* End PBXProject section */

/* Begin PBXResourcesBuildPhase section */
		62CF005B2661B0E600466403 /* Resources */ = {
			isa = PBXResourcesBuildPhase;
			buildActionMask = 2147483647;
			files = (
				62CF00682661B0E800466403 /* Preview Assets.xcassets in Resources */,
				62CF00652661B0E800466403 /* Assets.xcassets in Resources */,
			);
			runOnlyForDeploymentPostprocessing = 0;
		};
/* End PBXResourcesBuildPhase section */

/* Begin PBXSourcesBuildPhase section */
		62CF00592661B0E600466403 /* Sources */ = {
			isa = PBXSourcesBuildPhase;
			buildActionMask = 2147483647;
			files = (
				62CF00632661B0E600466403 /* ContentView.swift in Sources */,
				62CF00702661B15B00466403 /* CardView.swift in Sources */,
				62CF00612661B0E600466403 /* Paper_RailsApp.swift in Sources */,
				62CF00722661B5B200466403 /* TodayScheduleView.swift in Sources */,
			);
			runOnlyForDeploymentPostprocessing = 0;
		};
/* End PBXSourcesBuildPhase section */

/* Begin XCBuildConfiguration section */
		62CF006A2661B0E800466403 /* Debug */ = {
			isa = XCBuildConfiguration;
			buildSettings = {
				ALWAYS_SEARCH_USER_PATHS = NO;
				CLANG_ANALYZER_NONNULL = YES;
				CLANG_ANALYZER_NUMBER_OBJECT_CONVERSION = YES_AGGRESSIVE;
				CLANG_CXX_LANGUAGE_STANDARD = "gnu++14";
				CLANG_CXX_LIBRARY = "libc++";
				CLANG_ENABLE_MODULES = YES;
				CLANG_ENABLE_OBJC_ARC = YES;
				CLANG_ENABLE_OBJC_WEAK = YES;
				CLANG_WARN_BLOCK_CAPTURE_AUTORELEASING = YES;
				CLANG_WARN_BOOL_CONVERSION = YES;
				CLANG_WARN_COMMA = YES;
				CLANG_WARN_CONSTANT_CONVERSION = YES;
				CLANG_WARN_DEPRECATED_OBJC_IMPLEMENTATIONS = YES;
				CLANG_WARN_DIRECT_OBJC_ISA_USAGE = YES_ERROR;
				CLANG_WARN_DOCUMENTATION_COMMENTS = YES;
				CLANG_WARN_EMPTY_BODY = YES;
				CLANG_WARN_ENUM_CONVERSION = YES;
				CLANG_WARN_INFINITE_RECURSION = YES;
				CLANG_WARN_INT_CONVERSION = YES;
				CLANG_WARN_NON_LITERAL_NULL_CONVERSION = YES;
				CLANG_WARN_OBJC_IMPLICIT_RETAIN_SELF = YES;
				CLANG_WARN_OBJC_LITERAL_CONVERSION = YES;
				CLANG_WARN_OBJC_ROOT_CLASS = YES_ERROR;
				CLANG_WARN_QUOTED_INCLUDE_IN_FRAMEWORK_HEADER = YES;
				CLANG_WARN_RANGE_LOOP_ANALYSIS = YES;
				CLANG_WARN_STRICT_PROTOTYPES = YES;
				CLANG_WARN_SUSPICIOUS_MOVE = YES;
				CLANG_WARN_UNGUARDED_AVAILABILITY = YES_AGGRESSIVE;
				CLANG_WARN_UNREACHABLE_CODE = YES;
				CLANG_WARN__DUPLICATE_METHOD_MATCH = YES;
				COPY_PHASE_STRIP = NO;
				DEBUG_INFORMATION_FORMAT = dwarf;
				ENABLE_STRICT_OBJC_MSGSEND = YES;
				ENABLE_TESTABILITY = YES;
				GCC_C_LANGUAGE_STANDARD = gnu11;
				GCC_DYNAMIC_NO_PIC = NO;
				GCC_NO_COMMON_BLOCKS = YES;
				GCC_OPTIMIZATION_LEVEL = 0;
				GCC_PREPROCESSOR_DEFINITIONS = (
					"DEBUG=1",
					"$(inherited)",
				);
				GCC_WARN_64_TO_32_BIT_CONVERSION = YES;
				GCC_WARN_ABOUT_RETURN_TYPE = YES_ERROR;
				GCC_WARN_UNDECLARED_SELECTOR = YES;
				GCC_WARN_UNINITIALIZED_AUTOS = YES_AGGRESSIVE;
				GCC_WARN_UNUSED_FUNCTION = YES;
				GCC_WARN_UNUSED_VARIABLE = YES;
				IPHONEOS_DEPLOYMENT_TARGET = 14.5;
				MTL_ENABLE_DEBUG_INFO = INCLUDE_SOURCE;
				MTL_FAST_MATH = YES;
				ONLY_ACTIVE_ARCH = YES;
				SDKROOT = iphoneos;
				SWIFT_ACTIVE_COMPILATION_CONDITIONS = DEBUG;
				SWIFT_OPTIMIZATION_LEVEL = "-Onone";
			};
			name = Debug;
		};
		62CF006B2661B0E800466403 /* Release */ = {
			isa = XCBuildConfiguration;
			buildSettings = {
				ALWAYS_SEARCH_USER_PATHS = NO;
				CLANG_ANALYZER_NONNULL = YES;
				CLANG_ANALYZER_NUMBER_OBJECT_CONVERSION = YES_AGGRESSIVE;
				CLANG_CXX_LANGUAGE_STANDARD = "gnu++14";
				CLANG_CXX_LIBRARY = "libc++";
				CLANG_ENABLE_MODULES = YES;
				CLANG_ENABLE_OBJC_ARC = YES;
				CLANG_ENABLE_OBJC_WEAK = YES;
				CLANG_WARN_BLOCK_CAPTURE_AUTORELEASING = YES;
				CLANG_WARN_BOOL_CONVERSION = YES;
				CLANG_WARN_COMMA = YES;
				CLANG_WARN_CONSTANT_CONVERSION = YES;
				CLANG_WARN_DEPRECATED_OBJC_IMPLEMENTATIONS = YES;
				CLANG_WARN_DIRECT_OBJC_ISA_USAGE = YES_ERROR;
				CLANG_WARN_DOCUMENTATION_COMMENTS = YES;
				CLANG_WARN_EMPTY_BODY = YES;
				CLANG_WARN_ENUM_CONVERSION = YES;
				CLANG_WARN_INFINITE_RECURSION = YES;
				CLANG_WARN_INT_CONVERSION = YES;
				CLANG_WARN_NON_LITERAL_NULL_CONVERSION = YES;
				CLANG_WARN_OBJC_IMPLICIT_RETAIN_SELF = YES;
				CLANG_WARN_OBJC_LITERAL_CONVERSION = YES;
				CLANG_WARN_OBJC_ROOT_CLASS = YES_ERROR;
				CLANG_WARN_QUOTED_INCLUDE_IN_FRAMEWORK_HEADER = YES;
				CLANG_WARN_RANGE_LOOP_ANALYSIS = YES;
				CLANG_WARN_STRICT_PROTOTYPES = YES;
				CLANG_WARN_SUSPICIOUS_MOVE = YES;
				CLANG_WARN_UNGUARDED_AVAILABILITY = YES_AGGRESSIVE;
				CLANG_WARN_UNREACHABLE_CODE = YES;
				CLANG_WARN__DUPLICATE_METHOD_MATCH = YES;
				COPY_PHASE_STRIP = NO;
				DEBUG_INFORMATION_FORMAT = "dwarf-with-dsym";
				ENABLE_NS_ASSERTIONS = NO;
				ENABLE_STRICT_OBJC_MSGSEND = YES;
				GCC_C_LANGUAGE_STANDARD = gnu11;
				GCC_NO_COMMON_BLOCKS = YES;
				GCC_WARN_64_TO_32_BIT_CONVERSION = YES;
				GCC_WARN_ABOUT_RETURN_TYPE = YES_ERROR;
				GCC_WARN_UNDECLARED_SELECTOR = YES;
				GCC_WARN_UNINITIALIZED_AUTOS = YES_AGGRESSIVE;
				GCC_WARN_UNUSED_FUNCTION = YES;
				GCC_WARN_UNUSED_VARIABLE = YES;
				IPHONEOS_DEPLOYMENT_TARGET = 14.5;
				MTL_ENABLE_DEBUG_INFO = NO;
				MTL_FAST_MATH = YES;
				SDKROOT = iphoneos;
				SWIFT_COMPILATION_MODE = wholemodule;
				SWIFT_OPTIMIZATION_LEVEL = "-O";
				VALIDATE_PRODUCT = YES;
			};
			name = Release;
		};
		62CF006D2661B0E800466403 /* Debug */ = {
			isa = XCBuildConfiguration;
			buildSettings = {
				ASSETCATALOG_COMPILER_APPICON_NAME = AppIcon;
				ASSETCATALOG_COMPILER_GLOBAL_ACCENT_COLOR_NAME = AccentColor;
				CODE_SIGN_STYLE = Automatic;
				DEVELOPMENT_ASSET_PATHS = "\"Paper Rails/Preview Content\"";
				DEVELOPMENT_TEAM = LBKN93GZLZ;
				ENABLE_PREVIEWS = YES;
				INFOPLIST_FILE = "Paper Rails/Info.plist";
				IPHONEOS_DEPLOYMENT_TARGET = 14.0;
				LD_RUNPATH_SEARCH_PATHS = (
					"$(inherited)",
					"@executable_path/Frameworks",
				);
				PRODUCT_BUNDLE_IDENTIFIER = "none.Paper-Rails";
				PRODUCT_NAME = "$(TARGET_NAME)";
				SWIFT_VERSION = 5.0;
				TARGETED_DEVICE_FAMILY = "1,2";
			};
			name = Debug;
		};
		62CF006E2661B0E800466403 /* Release */ = {
			isa = XCBuildConfiguration;
			buildSettings = {
				ASSETCATALOG_COMPILER_APPICON_NAME = AppIcon;
				ASSETCATALOG_COMPILER_GLOBAL_ACCENT_COLOR_NAME = AccentColor;
				CODE_SIGN_STYLE = Automatic;
				DEVELOPMENT_ASSET_PATHS = "\"Paper Rails/Preview Content\"";
				DEVELOPMENT_TEAM = LBKN93GZLZ;
				ENABLE_PREVIEWS = YES;
				INFOPLIST_FILE = "Paper Rails/Info.plist";
				IPHONEOS_DEPLOYMENT_TARGET = 14.0;
				LD_RUNPATH_SEARCH_PATHS = (
					"$(inherited)",
					"@executable_path/Frameworks",
				);
				PRODUCT_BUNDLE_IDENTIFIER = "none.Paper-Rails";
				PRODUCT_NAME = "$(TARGET_NAME)";
				SWIFT_VERSION = 5.0;
				TARGETED_DEVICE_FAMILY = "1,2";
			};
			name = Release;
		};
/* End XCBuildConfiguration section */

/* Begin XCConfigurationList section */
		62CF00582661B0E600466403 /* Build configuration list for PBXProject "Paper Rails" */ = {
			isa = XCConfigurationList;
			buildConfigurations = (
				62CF006A2661B0E800466403 /* Debug */,
				62CF006B2661B0E800466403 /* Release */,
			);
			defaultConfigurationIsVisible = 0;
			defaultConfigurationName = Release;
		};
		62CF006C2661B0E800466403 /* Build configuration list for PBXNativeTarget "Paper Rails" */ = {
			isa = XCConfigurationList;
			buildConfigurations = (
				62CF006D2661B0E800466403 /* Debug */,
				62CF006E2661B0E800466403 /* Release */,
			);
			defaultConfigurationIsVisible = 0;
			defaultConfigurationName = Release;
		};
/* End XCConfigurationList section */
	};
	rootObject = 62CF00552661B0E600466403 /* Project object */;
}
